
Microsoft Visual Studio Solution File, Format Version 12.00
# Visual Studio Version 16
VisualStudioVersion = 16.0.30225.117
MinimumVisualStudioVersion = 10.0.40219.1
Project("{9A19103F-16F7-4668-BE54-9A1E7A4F7556}") = "Business", "Business\Business.csproj", "{D4C6CDD4-4F5C-4FA2-BC38-F23704C084B4}"
EndProject
Project("{9A19103F-16F7-4668-BE54-9A1E7A4F7556}") = "DataAccess", "DataAccess\DataAccess.csproj", "{D4F7900A-CCD8-4EA5-9E85-53316710D668}"
EndProject
Project("{9A19103F-16F7-4668-BE54-9A1E7A4F7556}") = "Entities", "Entities\Entities.csproj", "{618519EB-6997-4FD8-8058-7E15CD35711E}"
EndProject
Project("{9A19103F-16F7-4668-BE54-9A1E7A4F7556}") = "ConsoleUI", "UserUI\ConsoleUI.csproj", "{56C6FA06-368C-4525-B1DD-682DDF8849A4}"
EndProject
Project("{9A19103F-16F7-4668-BE54-9A1E7A4F7556}") = "Core", "Core\Core.csproj", "{90B71332-6B8F-4A6E-88DC-9C3F64CFB957}"
EndProject
Project("{9A19103F-16F7-4668-BE54-9A1E7A4F7556}") = "WebAPI", "WebAPI\WebAPI.csproj", "{8E8AB54E-61EA-4DC5-A080-FB42ACF23015}"
EndProject
Project("{2150E333-8FDC-42A3-9474-1A3956D46DE8}") = "Images", "Images", "{9BE6E12B-B90B-4C74-84AC-5CD44EC3BCA1}"
	ProjectSection(SolutionItems) = preProject
		C:\Users\RD\Downloads\bmw-3-series-modellfinder.png = C:\Users\RD\Downloads\bmw-3-series-modellfinder.png
		C:\Users\RD\Downloads\default.jpeg.jpg = C:\Users\RD\Downloads\default.jpeg.jpg
	EndProjectSection
EndProject
Global
	GlobalSection(SolutionConfigurationPlatforms) = preSolution
		Debug|Any CPU = Debug|Any CPU
		Release|Any CPU = Release|Any CPU
	EndGlobalSection
	GlobalSection(ProjectConfigurationPlatforms) = postSolution
		{D4C6CDD4-4F5C-4FA2-BC38-F23704C084B4}.Debug|Any CPU.ActiveCfg = Debug|Any CPU
		{D4C6CDD4-4F5C-4FA2-BC38-F23704C084B4}.Debug|Any CPU.Build.0 = Debug|Any CPU
		{D4C6CDD4-4F5C-4FA2-BC38-F23704C084B4}.Release|Any CPU.ActiveCfg = Release|Any CPU
		{D4C6CDD4-4F5C-4FA2-BC38-F23704C084B4}.Release|Any CPU.Build.0 = Release|Any CPU
		{D4F7900A-CCD8-4EA5-9E85-53316710D668}.Debug|Any CPU.ActiveCfg = Debug|Any CPU
		{D4F7900A-CCD8-4EA5-9E85-53316710D668}.Debug|Any CPU.Build.0 = Debug|Any CPU
		{D4F7900A-CCD8-4EA5-9E85-53316710D668}.Release|Any CPU.ActiveCfg = Release|Any CPU
		{D4F7900A-CCD8-4EA5-9E85-53316710D668}.Release|Any CPU.Build.0 = Release|Any CPU
		{618519EB-6997-4FD8-8058-7E15CD35711E}.Debug|Any CPU.ActiveCfg = Debug|Any CPU
		{618519EB-6997-4FD8-8058-7E15CD35711E}.Debug|Any CPU.Build.0 = Debug|Any CPU
		{618519EB-6997-4FD8-8058-7E15CD35711E}.Release|Any CPU.ActiveCfg = Release|Any CPU
		{618519EB-6997-4FD8-8058-7E15CD35711E}.Release|Any CPU.Build.0 = Release|Any CPU
		{56C6FA06-368C-4525-B1DD-682DDF8849A4}.Debug|Any CPU.ActiveCfg = Debug|Any CPU
		{56C6FA06-368C-4525-B1DD-682DDF8849A4}.Debug|Any CPU.Build.0 = Debug|Any CPU
		{56C6FA06-368C-4525-B1DD-682DDF8849A4}.Release|Any CPU.ActiveCfg = Release|Any CPU
		{56C6FA06-368C-4525-B1DD-682DDF8849A4}.Release|Any CPU.Build.0 = Release|Any CPU
		{90B71332-6B8F-4A6E-88DC-9C3F64CFB957}.Debug|Any CPU.ActiveCfg = Debug|Any CPU
		{90B71332-6B8F-4A6E-88DC-9C3F64CFB957}.Debug|Any CPU.Build.0 = Debug|Any CPU
		{90B71332-6B8F-4A6E-88DC-9C3F64CFB957}.Release|Any CPU.ActiveCfg = Release|Any CPU
		{90B71332-6B8F-4A6E-88DC-9C3F64CFB957}.Release|Any CPU.Build.0 = Release|Any CPU
		{8E8AB54E-61EA-4DC5-A080-FB42ACF23015}.Debug|Any CPU.ActiveCfg = Debug|Any CPU
		{8E8AB54E-61EA-4DC5-A080-FB42ACF23015}.Debug|Any CPU.Build.0 = Debug|Any CPU
		{8E8AB54E-61EA-4DC5-A080-FB42ACF23015}.Release|Any CPU.ActiveCfg = Release|Any CPU
		{8E8AB54E-61EA-4DC5-A080-FB42ACF23015}.Release|Any CPU.Build.0 = Release|Any CPU
	EndGlobalSection
	GlobalSection(SolutionProperties) = preSolution
		HideSolutionNode = FALSE
	EndGlobalSection
	GlobalSection(ExtensibilityGlobals) = postSolution
		SolutionGuid = {22E5A69F-B2A8-471D-A951-76AB1E861F1E}
	EndGlobalSection
EndGlobal
